
Microsoft Visual Studio Solution File, Format Version 12.00
# Visual Studio Version 17
VisualStudioVersion = 17.4.33110.190
MinimumVisualStudioVersion = 10.0.40219.1
Project("{9A19103F-16F7-4668-BE54-9A1E7A4F7556}") = "Foodmanagement", "Food management\Foodmanagement.csproj", "{6C204D11-0680-4501-BF1F-71A4097A3EA6}"
EndProject
Global
	GlobalSection(SolutionConfigurationPlatforms) = preSolution
		Debug|Any CPU = Debug|Any CPU
		Release|Any CPU = Release|Any CPU
	EndGlobalSection
	GlobalSection(ProjectConfigurationPlatforms) = postSolution
		{6C204D11-0680-4501-BF1F-71A4097A3EA6}.Debug|Any CPU.ActiveCfg = Debug|Any CPU
		{6C204D11-0680-4501-BF1F-71A4097A3EA6}.Debug|Any CPU.Build.0 = Debug|Any CPU
		{6C204D11-0680-4501-BF1F-71A4097A3EA6}.Release|Any CPU.ActiveCfg = Release|Any CPU
		{6C204D11-0680-4501-BF1F-71A4097A3EA6}.Release|Any CPU.Build.0 = Release|Any CPU
	EndGlobalSection
	GlobalSection(SolutionProperties) = preSolution
		HideSolutionNode = FALSE
	EndGlobalSection
	GlobalSection(ExtensibilityGlobals) = postSolution
		SolutionGuid = {0F757CE3-8051-406A-B1C2-3A5FED51E7AA}
	EndGlobalSection
EndGlobal
